
Microsoft Visual Studio Solution File, Format Version 12.00
# Visual Studio Version 17
VisualStudioVersion = 17.7.34003.232
MinimumVisualStudioVersion = 10.0.40219.1
Project("{FAE04EC0-301F-11D3-BF4B-00C04F79EFBC}") = "Airflow_Assignment", "Airflow_Assignment.csproj", "{B627E837-A76A-4E64-A0C2-FA5560629E76}"
EndProject
Global
	GlobalSection(SolutionConfigurationPlatforms) = preSolution
		Debug|Any CPU = Debug|Any CPU
		Release|Any CPU = Release|Any CPU
	EndGlobalSection
	GlobalSection(ProjectConfigurationPlatforms) = postSolution
		{B627E837-A76A-4E64-A0C2-FA5560629E76}.Debug|Any CPU.ActiveCfg = Debug|Any CPU
		{B627E837-A76A-4E64-A0C2-FA5560629E76}.Debug|Any CPU.Build.0 = Debug|Any CPU
		{B627E837-A76A-4E64-A0C2-FA5560629E76}.Release|Any CPU.ActiveCfg = Release|Any CPU
		{B627E837-A76A-4E64-A0C2-FA5560629E76}.Release|Any CPU.Build.0 = Release|Any CPU
	EndGlobalSection
	GlobalSection(SolutionProperties) = preSolution
		HideSolutionNode = FALSE
	EndGlobalSection
	GlobalSection(ExtensibilityGlobals) = postSolution
		SolutionGuid = {C9EB5429-1EA8-4120-8AEA-CB669C754A11}
	EndGlobalSection
EndGlobal
